
Microsoft Visual Studio Solution File, Format Version 12.00
# Visual Studio 15
VisualStudioVersion = 15.0.28010.2026
MinimumVisualStudioVersion = 10.0.40219.1
Project("{F184B08F-C81C-45F6-A57F-5ABD9991F28F}") = "HW11", "HW11\HW11.vbproj", "{6B11EC3E-2D5F-4B1C-A9B3-0FE51C60304E}"
EndProject
Global
	GlobalSection(SolutionConfigurationPlatforms) = preSolution
		Debug|Any CPU = Debug|Any CPU
		Release|Any CPU = Release|Any CPU
	EndGlobalSection
	GlobalSection(ProjectConfigurationPlatforms) = postSolution
		{6B11EC3E-2D5F-4B1C-A9B3-0FE51C60304E}.Debug|Any CPU.ActiveCfg = Debug|Any CPU
		{6B11EC3E-2D5F-4B1C-A9B3-0FE51C60304E}.Debug|Any CPU.Build.0 = Debug|Any CPU
		{6B11EC3E-2D5F-4B1C-A9B3-0FE51C60304E}.Release|Any CPU.ActiveCfg = Release|Any CPU
		{6B11EC3E-2D5F-4B1C-A9B3-0FE51C60304E}.Release|Any CPU.Build.0 = Release|Any CPU
	EndGlobalSection
	GlobalSection(SolutionProperties) = preSolution
		HideSolutionNode = FALSE
	EndGlobalSection
	GlobalSection(ExtensibilityGlobals) = postSolution
		SolutionGuid = {76CC62D2-EDCE-432C-A4A7-636A8FD2B8C6}
	EndGlobalSection
EndGlobal
